// !$*UTF8*$!
{
	archiveVersion = 1;
	classes = {
	};
	objectVersion = 46;
	objects = {

/* Begin PBXBuildFile section */
		2ACDEFC81C93CF8E00498029 /* main.m in Sources */ = {isa = PBXBuildFile; fileRef = 2ACDEFC71C93CF8E00498029 /* main.m */; };
		2ACDEFCB1C93CF8E00498029 /* AppDelegate.m in Sources */ = {isa = PBXBuildFile; fileRef = 2ACDEFCA1C93CF8E00498029 /* AppDelegate.m */; };
		2ACDEFCE1C93CF8E00498029 /* ViewController.m in Sources */ = {isa = PBXBuildFile; fileRef = 2ACDEFCD1C93CF8E00498029 /* ViewController.m */; };
		2ACDEFD11C93CF8E00498029 /* Main.storyboard in Resources */ = {isa = PBXBuildFile; fileRef = 2ACDEFCF1C93CF8E00498029 /* Main.storyboard */; };
		2ACDEFD31C93CF8E00498029 /* Assets.xcassets in Resources */ = {isa = PBXBuildFile; fileRef = 2ACDEFD21C93CF8E00498029 /* Assets.xcassets */; };
		2ACDEFE11C93CF8E00498029 /* HelloWorldTests.m in Sources */ = {isa = PBXBuildFile; fileRef = 2ACDEFE01C93CF8E00498029 /* HelloWorldTests.m */; };
		2ACDEFEC1C93CF8E00498029 /* HelloWorldUITests.m in Sources */ = {isa = PBXBuildFile; fileRef = 2ACDEFEB1C93CF8E00498029 /* HelloWorldUITests.m */; };
		2ADCFA781D9DE17B006244A7 /* Localizable.stringsdict in Resources */ = {isa = PBXBuildFile; fileRef = 2ADCFA741D9DE17B006244A7 /* Localizable.stringsdict */; };
		2ADCFA791D9DE17B006244A7 /* Localizable.strings in Resources */ = {isa = PBXBuildFile; fileRef = 2ADCFA761D9DE17B006244A7 /* Localizable.strings */; };
		2ADCFA8C1D9E2775006244A7 /* Info.plist in Resources */ = {isa = PBXBuildFile; fileRef = 2ACDEFD71C93CF8E00498029 /* Info.plist */; };
		2ADCFA951D9E2A01006244A7 /* InfoPlist.strings in Resources */ = {isa = PBXBuildFile; fileRef = 2ADCFA971D9E2A01006244A7 /* InfoPlist.strings */; };
		2ADCFA9A1D9E2A01006244A7 /* InfoPlist.strings in Resources */ = {isa = PBXBuildFile; fileRef = 2ADCFA9C1D9E2A01006244A7 /* InfoPlist.strings */; };
		2ADCFA9F1D9E2A02006244A7 /* InfoPlist.strings in Resources */ = {isa = PBXBuildFile; fileRef = 2ADCFAA11D9E2A02006244A7 /* InfoPlist.strings */; };
/* End PBXBuildFile section */

/* Begin PBXContainerItemProxy section */
		2ACDEFDD1C93CF8E00498029 /* PBXContainerItemProxy */ = {
			isa = PBXContainerItemProxy;
			containerPortal = 2ACDEFBB1C93CF8E00498029 /* Project object */;
			proxyType = 1;
			remoteGlobalIDString = 2ACDEFC21C93CF8E00498029;
			remoteInfo = HelloWorld;
		};
		2ACDEFE81C93CF8E00498029 /* PBXContainerItemProxy */ = {
			isa = PBXContainerItemProxy;
			containerPortal = 2ACDEFBB1C93CF8E00498029 /* Project object */;
			proxyType = 1;
			remoteGlobalIDString = 2ACDEFC21C93CF8E00498029;
			remoteInfo = HelloWorld;
		};
/* End PBXContainerItemProxy section */

/* Begin PBXFileReference section */
		2ACDEFC31C93CF8E00498029 /* HelloWorld.app */ = {isa = PBXFileReference; explicitFileType = wrapper.application; includeInIndex = 0; path = HelloWorld.app; sourceTree = BUILT_PRODUCTS_DIR; };
		2ACDEFC71C93CF8E00498029 /* main.m */ = {isa = PBXFileReference; lastKnownFileType = sourcecode.c.objc; path = main.m; sourceTree = "<group>"; };
		2ACDEFC91C93CF8E00498029 /* AppDelegate.h */ = {isa = PBXFileReference; lastKnownFileType = sourcecode.c.h; path = AppDelegate.h; sourceTree = "<group>"; };
		2ACDEFCA1C93CF8E00498029 /* AppDelegate.m */ = {isa = PBXFileReference; lastKnownFileType = sourcecode.c.objc; path = AppDelegate.m; sourceTree = "<group>"; };
		2ACDEFCC1C93CF8E00498029 /* ViewController.h */ = {isa = PBXFileReference; lastKnownFileType = sourcecode.c.h; path = ViewController.h; sourceTree = "<group>"; };
		2ACDEFCD1C93CF8E00498029 /* ViewController.m */ = {isa = PBXFileReference; lastKnownFileType = sourcecode.c.objc; path = ViewController.m; sourceTree = "<group>"; };
		2ACDEFD01C93CF8E00498029 /* Base */ = {isa = PBXFileReference; lastKnownFileType = file.storyboard; name = Base; path = Base.lproj/Main.storyboard; sourceTree = "<group>"; };
		2ACDEFD21C93CF8E00498029 /* Assets.xcassets */ = {isa = PBXFileReference; lastKnownFileType = folder.assetcatalog; path = Assets.xcassets; sourceTree = "<group>"; };
		2ACDEFD71C93CF8E00498029 /* Info.plist */ = {isa = PBXFileReference; lastKnownFileType = text.plist.xml; path = Info.plist; sourceTree = "<group>"; };
		2ACDEFDC1C93CF8E00498029 /* HelloWorldTests.xctest */ = {isa = PBXFileReference; explicitFileType = wrapper.cfbundle; includeInIndex = 0; path = HelloWorldTests.xctest; sourceTree = BUILT_PRODUCTS_DIR; };
		2ACDEFE01C93CF8E00498029 /* HelloWorldTests.m */ = {isa = PBXFileReference; lastKnownFileType = sourcecode.c.objc; path = HelloWorldTests.m; sourceTree = "<group>"; };
		2ACDEFE21C93CF8E00498029 /* Info.plist */ = {isa = PBXFileReference; lastKnownFileType = text.plist.xml; path = Info.plist; sourceTree = "<group>"; };
		2ACDEFE71C93CF8E00498029 /* HelloWorldUITests.xctest */ = {isa = PBXFileReference; explicitFileType = wrapper.cfbundle; includeInIndex = 0; path = HelloWorldUITests.xctest; sourceTree = BUILT_PRODUCTS_DIR; };
		2ACDEFEB1C93CF8E00498029 /* HelloWorldUITests.m */ = {isa = PBXFileReference; lastKnownFileType = sourcecode.c.objc; path = HelloWorldUITests.m; sourceTree = "<group>"; };
		2ACDEFED1C93CF8E00498029 /* Info.plist */ = {isa = PBXFileReference; lastKnownFileType = text.plist.xml; path = Info.plist; sourceTree = "<group>"; };
		2ADCFA751D9DE17B006244A7 /* Base */ = {isa = PBXFileReference; lastKnownFileType = text.plist.stringsdict; name = Base; path = Base.lproj/Localizable.stringsdict; sourceTree = "<group>"; };
		2ADCFA771D9DE17B006244A7 /* Base */ = {isa = PBXFileReference; lastKnownFileType = text.plist.strings; name = Base; path = Base.lproj/Localizable.strings; sourceTree = "<group>"; };
		2ADCFA7A1D9E17E0006244A7 /* ko */ = {isa = PBXFileReference; lastKnownFileType = text.plist.strings; name = ko; path = ko.lproj/Main.strings; sourceTree = "<group>"; };
		2ADCFA7B1D9E17E0006244A7 /* ko */ = {isa = PBXFileReference; lastKnownFileType = text.plist.stringsdict; name = ko; path = ko.lproj/Localizable.stringsdict; sourceTree = "<group>"; };
		2ADCFA7C1D9E17E0006244A7 /* ko */ = {isa = PBXFileReference; lastKnownFileType = text.plist.strings; name = ko; path = ko.lproj/Localizable.strings; sourceTree = "<group>"; };
		2ADCFA7D1D9E1810006244A7 /* fr */ = {isa = PBXFileReference; lastKnownFileType = text.plist.strings; name = fr; path = fr.lproj/Main.strings; sourceTree = "<group>"; };
		2ADCFA7E1D9E1810006244A7 /* fr */ = {isa = PBXFileReference; lastKnownFileType = text.plist.stringsdict; name = fr; path = fr.lproj/Localizable.stringsdict; sourceTree = "<group>"; };
		2ADCFA7F1D9E1810006244A7 /* fr */ = {isa = PBXFileReference; lastKnownFileType = text.plist.strings; name = fr; path = fr.lproj/Localizable.strings; sourceTree = "<group>"; };
		2ADCFA961D9E2A01006244A7 /* ko */ = {isa = PBXFileReference; lastKnownFileType = text.plist.strings; name = ko; path = ko.lproj/InfoPlist.strings; sourceTree = "<group>"; };
		2ADCFA9B1D9E2A01006244A7 /* ko */ = {isa = PBXFileReference; lastKnownFileType = text.plist.strings; name = ko; path = ko.lproj/InfoPlist.strings; sourceTree = "<group>"; };
		2ADCFAA01D9E2A02006244A7 /* ko */ = {isa = PBXFileReference; lastKnownFileType = text.plist.strings; name = ko; path = ko.lproj/InfoPlist.strings; sourceTree = "<group>"; };
/* End PBXFileReference section */

/* Begin PBXFrameworksBuildPhase section */
		2ACDEFC01C93CF8E00498029 /* Frameworks */ = {
			isa = PBXFrameworksBuildPhase;
			buildActionMask = 2147483647;
			files = (
			);
			runOnlyForDeploymentPostprocessing = 0;
		};
		2ACDEFD91C93CF8E00498029 /* Frameworks */ = {
			isa = PBXFrameworksBuildPhase;
			buildActionMask = 2147483647;
			files = (
			);
			runOnlyForDeploymentPostprocessing = 0;
		};
		2ACDEFE41C93CF8E00498029 /* Frameworks */ = {
			isa = PBXFrameworksBuildPhase;
			buildActionMask = 2147483647;
			files = (
			);
			runOnlyForDeploymentPostprocessing = 0;
		};
/* End PBXFrameworksBuildPhase section */

/* Begin PBXGroup section */
		2ACDEFBA1C93CF8E00498029 = {
			isa = PBXGroup;
			children = (
				2ACDEFC51C93CF8E00498029 /* HelloWorld */,
				2ACDEFDF1C93CF8E00498029 /* HelloWorldTests */,
				2ACDEFEA1C93CF8E00498029 /* HelloWorldUITests */,
				2ACDEFC41C93CF8E00498029 /* Products */,
			);
			sourceTree = "<group>";
		};
		2ACDEFC41C93CF8E00498029 /* Products */ = {
			isa = PBXGroup;
			children = (
				2ACDEFC31C93CF8E00498029 /* HelloWorld.app */,
				2ACDEFDC1C93CF8E00498029 /* HelloWorldTests.xctest */,
				2ACDEFE71C93CF8E00498029 /* HelloWorldUITests.xctest */,
			);
			name = Products;
			sourceTree = "<group>";
		};
		2ACDEFC51C93CF8E00498029 /* HelloWorld */ = {
			isa = PBXGroup;
			children = (
				2ADCFAA11D9E2A02006244A7 /* InfoPlist.strings */,
				2ADCFA741D9DE17B006244A7 /* Localizable.stringsdict */,
				2ADCFA761D9DE17B006244A7 /* Localizable.strings */,
				2ACDEFC91C93CF8E00498029 /* AppDelegate.h */,
				2ACDEFCA1C93CF8E00498029 /* AppDelegate.m */,
				2ACDEFCC1C93CF8E00498029 /* ViewController.h */,
				2ACDEFCD1C93CF8E00498029 /* ViewController.m */,
				2ACDEFCF1C93CF8E00498029 /* Main.storyboard */,
				2ACDEFD21C93CF8E00498029 /* Assets.xcassets */,
				2ACDEFD71C93CF8E00498029 /* Info.plist */,
				2ACDEFC61C93CF8E00498029 /* Supporting Files */,
			);
			path = HelloWorld;
			sourceTree = "<group>";
		};
		2ACDEFC61C93CF8E00498029 /* Supporting Files */ = {
			isa = PBXGroup;
			children = (
				2ACDEFC71C93CF8E00498029 /* main.m */,
			);
			name = "Supporting Files";
			sourceTree = "<group>";
		};
		2ACDEFDF1C93CF8E00498029 /* HelloWorldTests */ = {
			isa = PBXGroup;
			children = (
				2ADCFA9C1D9E2A01006244A7 /* InfoPlist.strings */,
				2ACDEFE01C93CF8E00498029 /* HelloWorldTests.m */,
				2ACDEFE21C93CF8E00498029 /* Info.plist */,
			);
			path = HelloWorldTests;
			sourceTree = "<group>";
		};
		2ACDEFEA1C93CF8E00498029 /* HelloWorldUITests */ = {
			isa = PBXGroup;
			children = (
				2ADCFA971D9E2A01006244A7 /* InfoPlist.strings */,
				2ACDEFEB1C93CF8E00498029 /* HelloWorldUITests.m */,
				2ACDEFED1C93CF8E00498029 /* Info.plist */,
			);
			path = HelloWorldUITests;
			sourceTree = "<group>";
		};
/* End PBXGroup section */

/* Begin PBXNativeTarget section */
		2ACDEFC21C93CF8E00498029 /* HelloWorld */ = {
			isa = PBXNativeTarget;
			buildConfigurationList = 2ACDEFF01C93CF8E00498029 /* Build configuration list for PBXNativeTarget "HelloWorld" */;
			buildPhases = (
				2ACDEFBF1C93CF8E00498029 /* Sources */,
				2ACDEFC01C93CF8E00498029 /* Frameworks */,
				2ACDEFC11C93CF8E00498029 /* Resources */,
			);
			buildRules = (
			);
			dependencies = (
			);
			name = HelloWorld;
			productName = HelloWorld;
			productReference = 2ACDEFC31C93CF8E00498029 /* HelloWorld.app */;
			productType = "com.apple.product-type.application";
		};
		2ACDEFDB1C93CF8E00498029 /* HelloWorldTests */ = {
			isa = PBXNativeTarget;
			buildConfigurationList = 2ACDEFF31C93CF8E00498029 /* Build configuration list for PBXNativeTarget "HelloWorldTests" */;
			buildPhases = (
				2ACDEFD81C93CF8E00498029 /* Sources */,
				2ACDEFD91C93CF8E00498029 /* Frameworks */,
				2ACDEFDA1C93CF8E00498029 /* Resources */,
			);
			buildRules = (
			);
			dependencies = (
				2ACDEFDE1C93CF8E00498029 /* PBXTargetDependency */,
			);
			name = HelloWorldTests;
			productName = HelloWorldTests;
			productReference = 2ACDEFDC1C93CF8E00498029 /* HelloWorldTests.xctest */;
			productType = "com.apple.product-type.bundle.unit-test";
		};
		2ACDEFE61C93CF8E00498029 /* HelloWorldUITests */ = {
			isa = PBXNativeTarget;
			buildConfigurationList = 2ACDEFF61C93CF8E00498029 /* Build configuration list for PBXNativeTarget "HelloWorldUITests" */;
			buildPhases = (
				2ACDEFE31C93CF8E00498029 /* Sources */,
				2ACDEFE41C93CF8E00498029 /* Frameworks */,
				2ACDEFE51C93CF8E00498029 /* Resources */,
			);
			buildRules = (
			);
			dependencies = (
				2ACDEFE91C93CF8E00498029 /* PBXTargetDependency */,
			);
			name = HelloWorldUITests;
			productName = HelloWorldUITests;
			productReference = 2ACDEFE71C93CF8E00498029 /* HelloWorldUITests.xctest */;
			productType = "com.apple.product-type.bundle.ui-testing";
		};
/* End PBXNativeTarget section */

/* Begin PBXProject section */
		2ACDEFBB1C93CF8E00498029 /* Project object */ = {
			isa = PBXProject;
			attributes = {
				LastUpgradeCheck = 0720;
				ORGANIZATIONNAME = Demo;
				TargetAttributes = {
					2ACDEFC21C93CF8E00498029 = {
						CreatedOnToolsVersion = 7.2;
					};
					2ACDEFDB1C93CF8E00498029 = {
						CreatedOnToolsVersion = 7.2;
						TestTargetID = 2ACDEFC21C93CF8E00498029;
					};
					2ACDEFE61C93CF8E00498029 = {
						CreatedOnToolsVersion = 7.2;
						TestTargetID = 2ACDEFC21C93CF8E00498029;
					};
				};
			};
			buildConfigurationList = 2ACDEFBE1C93CF8E00498029 /* Build configuration list for PBXProject "HelloWorld" */;
			compatibilityVersion = "Xcode 3.2";
			developmentRegion = English;
			hasScannedForEncodings = 0;
			knownRegions = (
				Base,
				ko,
				fr,
				en,
			);
			mainGroup = 2ACDEFBA1C93CF8E00498029;
			productRefGroup = 2ACDEFC41C93CF8E00498029 /* Products */;
			projectDirPath = "";
			projectRoot = "";
			targets = (
				2ACDEFC21C93CF8E00498029 /* HelloWorld */,
				2ACDEFDB1C93CF8E00498029 /* HelloWorldTests */,
				2ACDEFE61C93CF8E00498029 /* HelloWorldUITests */,
			);
		};
/* End PBXProject section */

/* Begin PBXResourcesBuildPhase section */
		2ACDEFC11C93CF8E00498029 /* Resources */ = {
			isa = PBXResourcesBuildPhase;
			buildActionMask = 2147483647;
			files = (
				2ACDEFD31C93CF8E00498029 /* Assets.xcassets in Resources */,
				2ADCFA9F1D9E2A02006244A7 /* InfoPlist.strings in Resources */,
				2ADCFA791D9DE17B006244A7 /* Localizable.strings in Resources */,
				2ACDEFD11C93CF8E00498029 /* Main.storyboard in Resources */,
				2ADCFA8C1D9E2775006244A7 /* Info.plist in Resources */,
				2ADCFA781D9DE17B006244A7 /* Localizable.stringsdict in Resources */,
			);
			runOnlyForDeploymentPostprocessing = 0;
		};
		2ACDEFDA1C93CF8E00498029 /* Resources */ = {
			isa = PBXResourcesBuildPhase;
			buildActionMask = 2147483647;
			files = (
				2ADCFA9A1D9E2A01006244A7 /* InfoPlist.strings in Resources */,
			);
			runOnlyForDeploymentPostprocessing = 0;
		};
		2ACDEFE51C93CF8E00498029 /* Resources */ = {
			isa = PBXResourcesBuildPhase;
			buildActionMask = 2147483647;
			files = (
				2ADCFA951D9E2A01006244A7 /* InfoPlist.strings in Resources */,
			);
			runOnlyForDeploymentPostprocessing = 0;
		};
/* End PBXResourcesBuildPhase section */

/* Begin PBXSourcesBuildPhase section */
		2ACDEFBF1C93CF8E00498029 /* Sources */ = {
			isa = PBXSourcesBuildPhase;
			buildActionMask = 2147483647;
			files = (
				2ACDEFCE1C93CF8E00498029 /* ViewController.m in Sources */,
				2ACDEFCB1C93CF8E00498029 /* AppDelegate.m in Sources */,
				2ACDEFC81C93CF8E00498029 /* main.m in Sources */,
			);
			runOnlyForDeploymentPostprocessing = 0;
		};
		2ACDEFD81C93CF8E00498029 /* Sources */ = {
			isa = PBXSourcesBuildPhase;
			buildActionMask = 2147483647;
			files = (
				2ACDEFE11C93CF8E00498029 /* HelloWorldTests.m in Sources */,
			);
			runOnlyForDeploymentPostprocessing = 0;
		};
		2ACDEFE31C93CF8E00498029 /* Sources */ = {
			isa = PBXSourcesBuildPhase;
			buildActionMask = 2147483647;
			files = (
				2ACDEFEC1C93CF8E00498029 /* HelloWorldUITests.m in Sources */,
			);
			runOnlyForDeploymentPostprocessing = 0;
		};
/* End PBXSourcesBuildPhase section */

/* Begin PBXTargetDependency section */
		2ACDEFDE1C93CF8E00498029 /* PBXTargetDependency */ = {
			isa = PBXTargetDependency;
			target = 2ACDEFC21C93CF8E00498029 /* HelloWorld */;
			targetProxy = 2ACDEFDD1C93CF8E00498029 /* PBXContainerItemProxy */;
		};
		2ACDEFE91C93CF8E00498029 /* PBXTargetDependency */ = {
			isa = PBXTargetDependency;
			target = 2ACDEFC21C93CF8E00498029 /* HelloWorld */;
			targetProxy = 2ACDEFE81C93CF8E00498029 /* PBXContainerItemProxy */;
		};
/* End PBXTargetDependency section */

/* Begin PBXVariantGroup section */
		2ACDEFCF1C93CF8E00498029 /* Main.storyboard */ = {
			isa = PBXVariantGroup;
			children = (
				2ACDEFD01C93CF8E00498029 /* Base */,
				2ADCFA7A1D9E17E0006244A7 /* ko */,
				2ADCFA7D1D9E1810006244A7 /* fr */,
			);
			name = Main.storyboard;
			sourceTree = "<group>";
		};
		2ADCFA741D9DE17B006244A7 /* Localizable.stringsdict */ = {
			isa = PBXVariantGroup;
			children = (
				2ADCFA751D9DE17B006244A7 /* Base */,
				2ADCFA7B1D9E17E0006244A7 /* ko */,
				2ADCFA7E1D9E1810006244A7 /* fr */,
			);
			name = Localizable.stringsdict;
			sourceTree = "<group>";
		};
		2ADCFA761D9DE17B006244A7 /* Localizable.strings */ = {
			isa = PBXVariantGroup;
			children = (
				2ADCFA771D9DE17B006244A7 /* Base */,
				2ADCFA7C1D9E17E0006244A7 /* ko */,
				2ADCFA7F1D9E1810006244A7 /* fr */,
			);
			name = Localizable.strings;
			sourceTree = "<group>";
		};
		2ADCFA971D9E2A01006244A7 /* InfoPlist.strings */ = {
			isa = PBXVariantGroup;
			children = (
				2ADCFA961D9E2A01006244A7 /* ko */,
			);
			name = InfoPlist.strings;
			sourceTree = "<group>";
		};
		2ADCFA9C1D9E2A01006244A7 /* InfoPlist.strings */ = {
			isa = PBXVariantGroup;
			children = (
				2ADCFA9B1D9E2A01006244A7 /* ko */,
			);
			name = InfoPlist.strings;
			sourceTree = "<group>";
		};
		2ADCFAA11D9E2A02006244A7 /* InfoPlist.strings */ = {
			isa = PBXVariantGroup;
			children = (
				2ADCFAA01D9E2A02006244A7 /* ko */,
			);
			name = InfoPlist.strings;
			sourceTree = "<group>";
		};
/* End PBXVariantGroup section */

/* Begin XCBuildConfiguration section */
		2ACDEFEE1C93CF8E00498029 /* Debug */ = {
			isa = XCBuildConfiguration;
			buildSettings = {
				ALWAYS_SEARCH_USER_PATHS = NO;
				CLANG_CXX_LANGUAGE_STANDARD = "gnu++0x";
				CLANG_CXX_LIBRARY = "libc++";
				CLANG_ENABLE_MODULES = YES;
				CLANG_ENABLE_OBJC_ARC = YES;
				CLANG_WARN_BOOL_CONVERSION = YES;
				CLANG_WARN_CONSTANT_CONVERSION = YES;
				CLANG_WARN_DIRECT_OBJC_ISA_USAGE = YES_ERROR;
				CLANG_WARN_EMPTY_BODY = YES;
				CLANG_WARN_ENUM_CONVERSION = YES;
				CLANG_WARN_INT_CONVERSION = YES;
				CLANG_WARN_OBJC_ROOT_CLASS = YES_ERROR;
				CLANG_WARN_UNREACHABLE_CODE = YES;
				CLANG_WARN__DUPLICATE_METHOD_MATCH = YES;
				"CODE_SIGN_IDENTITY[sdk=iphoneos*]" = "iPhone Developer";
				COPY_PHASE_STRIP = NO;
				DEBUG_INFORMATION_FORMAT = dwarf;
				ENABLE_STRICT_OBJC_MSGSEND = YES;
				ENABLE_TESTABILITY = YES;
				GCC_C_LANGUAGE_STANDARD = gnu99;
				GCC_DYNAMIC_NO_PIC = NO;
				GCC_NO_COMMON_BLOCKS = YES;
				GCC_OPTIMIZATION_LEVEL = 0;
				GCC_PREPROCESSOR_DEFINITIONS = (
					"DEBUG=1",
					"$(inherited)",
				);
				GCC_WARN_64_TO_32_BIT_CONVERSION = YES;
				GCC_WARN_ABOUT_RETURN_TYPE = YES_ERROR;
				GCC_WARN_UNDECLARED_SELECTOR = YES;
				GCC_WARN_UNINITIALIZED_AUTOS = YES_AGGRESSIVE;
				GCC_WARN_UNUSED_FUNCTION = YES;
				GCC_WARN_UNUSED_VARIABLE = YES;
				IPHONEOS_DEPLOYMENT_TARGET = 9.2;
				MTL_ENABLE_DEBUG_INFO = YES;
				ONLY_ACTIVE_ARCH = YES;
				SDKROOT = iphoneos;
			};
			name = Debug;
		};
		2ACDEFEF1C93CF8E00498029 /* Release */ = {
			isa = XCBuildConfiguration;
			buildSettings = {
				ALWAYS_SEARCH_USER_PATHS = NO;
				CLANG_CXX_LANGUAGE_STANDARD = "gnu++0x";
				CLANG_CXX_LIBRARY = "libc++";
				CLANG_ENABLE_MODULES = YES;
				CLANG_ENABLE_OBJC_ARC = YES;
				CLANG_WARN_BOOL_CONVERSION = YES;
				CLANG_WARN_CONSTANT_CONVERSION = YES;
				CLANG_WARN_DIRECT_OBJC_ISA_USAGE = YES_ERROR;
				CLANG_WARN_EMPTY_BODY = YES;
				CLANG_WARN_ENUM_CONVERSION = YES;
				CLANG_WARN_INT_CONVERSION = YES;
				CLANG_WARN_OBJC_ROOT_CLASS = YES_ERROR;
				CLANG_WARN_UNREACHABLE_CODE = YES;
				CLANG_WARN__DUPLICATE_METHOD_MATCH = YES;
				"CODE_SIGN_IDENTITY[sdk=iphoneos*]" = "iPhone Developer";
				COPY_PHASE_STRIP = NO;
				DEBUG_INFORMATION_FORMAT = "dwarf-with-dsym";
				ENABLE_NS_ASSERTIONS = NO;
				ENABLE_STRICT_OBJC_MSGSEND = YES;
				GCC_C_LANGUAGE_STANDARD = gnu99;
				GCC_NO_COMMON_BLOCKS = YES;
				GCC_WARN_64_TO_32_BIT_CONVERSION = YES;
				GCC_WARN_ABOUT_RETURN_TYPE = YES_ERROR;
				GCC_WARN_UNDECLARED_SELECTOR = YES;
				GCC_WARN_UNINITIALIZED_AUTOS = YES_AGGRESSIVE;
				GCC_WARN_UNUSED_FUNCTION = YES;
				GCC_WARN_UNUSED_VARIABLE = YES;
				IPHONEOS_DEPLOYMENT_TARGET = 9.2;
				MTL_ENABLE_DEBUG_INFO = NO;
				SDKROOT = iphoneos;
				VALIDATE_PRODUCT = YES;
			};
			name = Release;
		};
		2ACDEFF11C93CF8E00498029 /* Debug */ = {
			isa = XCBuildConfiguration;
			buildSettings = {
				ASSETCATALOG_COMPILER_APPICON_NAME = AppIcon;
				INFOPLIST_FILE = HelloWorld/Info.plist;
				LD_RUNPATH_SEARCH_PATHS = "$(inherited) @executable_path/Frameworks";
				PRODUCT_BUNDLE_IDENTIFIER = com.demo.HelloWorld;
				PRODUCT_NAME = "$(TARGET_NAME)";
			};
			name = Debug;
		};
		2ACDEFF21C93CF8E00498029 /* Release */ = {
			isa = XCBuildConfiguration;
			buildSettings = {
				ASSETCATALOG_COMPILER_APPICON_NAME = AppIcon;
				INFOPLIST_FILE = HelloWorld/Info.plist;
				LD_RUNPATH_SEARCH_PATHS = "$(inherited) @executable_path/Frameworks";
				PRODUCT_BUNDLE_IDENTIFIER = com.demo.HelloWorld;
				PRODUCT_NAME = "$(TARGET_NAME)";
			};
			name = Release;
		};
		2ACDEFF41C93CF8E00498029 /* Debug */ = {
			isa = XCBuildConfiguration;
			buildSettings = {
				BUNDLE_LOADER = "$(TEST_HOST)";
				INFOPLIST_FILE = HelloWorldTests/Info.plist;
				LD_RUNPATH_SEARCH_PATHS = "$(inherited) @executable_path/Frameworks @loader_path/Frameworks";
				PRODUCT_BUNDLE_IDENTIFIER = com.demo.HelloWorldTests;
				PRODUCT_NAME = "$(TARGET_NAME)";
				TEST_HOST = "$(BUILT_PRODUCTS_DIR)/HelloWorld.app/HelloWorld";
			};
			name = Debug;
		};
		2ACDEFF51C93CF8E00498029 /* Release */ = {
			isa = XCBuildConfiguration;
			buildSettings = {
				BUNDLE_LOADER = "$(TEST_HOST)";
				INFOPLIST_FILE = HelloWorldTests/Info.plist;
				LD_RUNPATH_SEARCH_PATHS = "$(inherited) @executable_path/Frameworks @loader_path/Frameworks";
				PRODUCT_BUNDLE_IDENTIFIER = com.demo.HelloWorldTests;
				PRODUCT_NAME = "$(TARGET_NAME)";
				TEST_HOST = "$(BUILT_PRODUCTS_DIR)/HelloWorld.app/HelloWorld";
			};
			name = Release;
		};
		2ACDEFF71C93CF8E00498029 /* Debug */ = {
			isa = XCBuildConfiguration;
			buildSettings = {
				INFOPLIST_FILE = HelloWorldUITests/Info.plist;
				LD_RUNPATH_SEARCH_PATHS = "$(inherited) @executable_path/Frameworks @loader_path/Frameworks";
				PRODUCT_BUNDLE_IDENTIFIER = com.demo.HelloWorldUITests;
				PRODUCT_NAME = "$(TARGET_NAME)";
				TEST_TARGET_NAME = HelloWorld;
				USES_XCTRUNNER = YES;
			};
			name = Debug;
		};
		2ACDEFF81C93CF8E00498029 /* Release */ = {
			isa = XCBuildConfiguration;
			buildSettings = {
				INFOPLIST_FILE = HelloWorldUITests/Info.plist;
				LD_RUNPATH_SEARCH_PATHS = "$(inherited) @executable_path/Frameworks @loader_path/Frameworks";
				PRODUCT_BUNDLE_IDENTIFIER = com.demo.HelloWorldUITests;
				PRODUCT_NAME = "$(TARGET_NAME)";
				TEST_TARGET_NAME = HelloWorld;
				USES_XCTRUNNER = YES;
			};
			name = Release;
		};
/* End XCBuildConfiguration section */

/* Begin XCConfigurationList section */
		2ACDEFBE1C93CF8E00498029 /* Build configuration list for PBXProject "HelloWorld" */ = {
			isa = XCConfigurationList;
			buildConfigurations = (
				2ACDEFEE1C93CF8E00498029 /* Debug */,
				2ACDEFEF1C93CF8E00498029 /* Release */,
			);
			defaultConfigurationIsVisible = 0;
			defaultConfigurationName = Release;
		};
		2ACDEFF01C93CF8E00498029 /* Build configuration list for PBXNativeTarget "HelloWorld" */ = {
			isa = XCConfigurationList;
			buildConfigurations = (
				2ACDEFF11C93CF8E00498029 /* Debug */,
				2ACDEFF21C93CF8E00498029 /* Release */,
			);
			defaultConfigurationIsVisible = 0;
			defaultConfigurationName = Release;
		};
		2ACDEFF31C93CF8E00498029 /* Build configuration list for PBXNativeTarget "HelloWorldTests" */ = {
			isa = XCConfigurationList;
			buildConfigurations = (
				2ACDEFF41C93CF8E00498029 /* Debug */,
				2ACDEFF51C93CF8E00498029 /* Release */,
			);
			defaultConfigurationIsVisible = 0;
			defaultConfigurationName = Release;
		};
		2ACDEFF61C93CF8E00498029 /* Build configuration list for PBXNativeTarget "HelloWorldUITests" */ = {
			isa = XCConfigurationList;
			buildConfigurations = (
				2ACDEFF71C93CF8E00498029 /* Debug */,
				2ACDEFF81C93CF8E00498029 /* Release */,
			);
			defaultConfigurationIsVisible = 0;
			defaultConfigurationName = Release;
		};
/* End XCConfigurationList section */
	};
	rootObject = 2ACDEFBB1C93CF8E00498029 /* Project object */;
}
